// !$*UTF8*$!
{
	archiveVersion = 1;
	classes = {
	};
	objectVersion = 48;
	objects = {

/* Begin PBXBuildFile section */
		4CEAA05E1F9E69D900BD6F87 /* AppDelegate.swift in Sources */ = {isa = PBXBuildFile; fileRef = 4CEAA05D1F9E69D900BD6F87 /* AppDelegate.swift */; };
		4CEAA0601F9E69D900BD6F87 /* ViewController.swift in Sources */ = {isa = PBXBuildFile; fileRef = 4CEAA05F1F9E69D900BD6F87 /* ViewController.swift */; };
		4CEAA0621F9E69D900BD6F87 /* Assets.xcassets in Resources */ = {isa = PBXBuildFile; fileRef = 4CEAA0611F9E69D900BD6F87 /* Assets.xcassets */; };
		4CEAA0651F9E69D900BD6F87 /* Main.storyboard in Resources */ = {isa = PBXBuildFile; fileRef = 4CEAA0631F9E69D900BD6F87 /* Main.storyboard */; };
		4CEAA0711F9E69DA00BD6F87 /* CDLParserTests.swift in Sources */ = {isa = PBXBuildFile; fileRef = 4CEAA0701F9E69DA00BD6F87 /* CDLParserTests.swift */; };
		4CEAA07C1F9E69DA00BD6F87 /* CDLParserUITests.swift in Sources */ = {isa = PBXBuildFile; fileRef = 4CEAA07B1F9E69DA00BD6F87 /* CDLParserUITests.swift */; };
/* End PBXBuildFile section */

/* Begin PBXContainerItemProxy section */
		4CEAA06D1F9E69DA00BD6F87 /* PBXContainerItemProxy */ = {
			isa = PBXContainerItemProxy;
			containerPortal = 4CEAA0521F9E69D900BD6F87 /* Project object */;
			proxyType = 1;
			remoteGlobalIDString = 4CEAA0591F9E69D900BD6F87;
			remoteInfo = CDLParser;
		};
		4CEAA0781F9E69DA00BD6F87 /* PBXContainerItemProxy */ = {
			isa = PBXContainerItemProxy;
			containerPortal = 4CEAA0521F9E69D900BD6F87 /* Project object */;
			proxyType = 1;
			remoteGlobalIDString = 4CEAA0591F9E69D900BD6F87;
			remoteInfo = CDLParser;
		};
/* End PBXContainerItemProxy section */

/* Begin PBXFileReference section */
		4CEAA05A1F9E69D900BD6F87 /* CDLParser.app */ = {isa = PBXFileReference; explicitFileType = wrapper.application; includeInIndex = 0; path = CDLParser.app; sourceTree = BUILT_PRODUCTS_DIR; };
		4CEAA05D1F9E69D900BD6F87 /* AppDelegate.swift */ = {isa = PBXFileReference; lastKnownFileType = sourcecode.swift; path = AppDelegate.swift; sourceTree = "<group>"; };
		4CEAA05F1F9E69D900BD6F87 /* ViewController.swift */ = {isa = PBXFileReference; lastKnownFileType = sourcecode.swift; path = ViewController.swift; sourceTree = "<group>"; };
		4CEAA0611F9E69D900BD6F87 /* Assets.xcassets */ = {isa = PBXFileReference; lastKnownFileType = folder.assetcatalog; path = Assets.xcassets; sourceTree = "<group>"; };
		4CEAA0641F9E69D900BD6F87 /* Base */ = {isa = PBXFileReference; lastKnownFileType = file.storyboard; name = Base; path = Base.lproj/Main.storyboard; sourceTree = "<group>"; };
		4CEAA0661F9E69D900BD6F87 /* Info.plist */ = {isa = PBXFileReference; lastKnownFileType = text.plist.xml; path = Info.plist; sourceTree = "<group>"; };
		4CEAA0671F9E69D900BD6F87 /* CDLParser.entitlements */ = {isa = PBXFileReference; lastKnownFileType = text.plist.entitlements; path = CDLParser.entitlements; sourceTree = "<group>"; };
		4CEAA06C1F9E69D900BD6F87 /* CDLParserTests.xctest */ = {isa = PBXFileReference; explicitFileType = wrapper.cfbundle; includeInIndex = 0; path = CDLParserTests.xctest; sourceTree = BUILT_PRODUCTS_DIR; };
		4CEAA0701F9E69DA00BD6F87 /* CDLParserTests.swift */ = {isa = PBXFileReference; lastKnownFileType = sourcecode.swift; path = CDLParserTests.swift; sourceTree = "<group>"; };
		4CEAA0721F9E69DA00BD6F87 /* Info.plist */ = {isa = PBXFileReference; lastKnownFileType = text.plist.xml; path = Info.plist; sourceTree = "<group>"; };
		4CEAA0771F9E69DA00BD6F87 /* CDLParserUITests.xctest */ = {isa = PBXFileReference; explicitFileType = wrapper.cfbundle; includeInIndex = 0; path = CDLParserUITests.xctest; sourceTree = BUILT_PRODUCTS_DIR; };
		4CEAA07B1F9E69DA00BD6F87 /* CDLParserUITests.swift */ = {isa = PBXFileReference; lastKnownFileType = sourcecode.swift; path = CDLParserUITests.swift; sourceTree = "<group>"; };
		4CEAA07D1F9E69DA00BD6F87 /* Info.plist */ = {isa = PBXFileReference; lastKnownFileType = text.plist.xml; path = Info.plist; sourceTree = "<group>"; };
/* End PBXFileReference section */

/* Begin PBXFrameworksBuildPhase section */
		4CEAA0571F9E69D900BD6F87 /* Frameworks */ = {
			isa = PBXFrameworksBuildPhase;
			buildActionMask = 2147483647;
			files = (
			);
			runOnlyForDeploymentPostprocessing = 0;
		};
		4CEAA0691F9E69D900BD6F87 /* Frameworks */ = {
			isa = PBXFrameworksBuildPhase;
			buildActionMask = 2147483647;
			files = (
			);
			runOnlyForDeploymentPostprocessing = 0;
		};
		4CEAA0741F9E69DA00BD6F87 /* Frameworks */ = {
			isa = PBXFrameworksBuildPhase;
			buildActionMask = 2147483647;
			files = (
			);
			runOnlyForDeploymentPostprocessing = 0;
		};
/* End PBXFrameworksBuildPhase section */

/* Begin PBXGroup section */
		4CEAA0511F9E69D900BD6F87 = {
			isa = PBXGroup;
			children = (
				4CEAA05C1F9E69D900BD6F87 /* CDLParser */,
				4CEAA06F1F9E69DA00BD6F87 /* CDLParserTests */,
				4CEAA07A1F9E69DA00BD6F87 /* CDLParserUITests */,
				4CEAA05B1F9E69D900BD6F87 /* Products */,
			);
			sourceTree = "<group>";
		};
		4CEAA05B1F9E69D900BD6F87 /* Products */ = {
			isa = PBXGroup;
			children = (
				4CEAA05A1F9E69D900BD6F87 /* CDLParser.app */,
				4CEAA06C1F9E69D900BD6F87 /* CDLParserTests.xctest */,
				4CEAA0771F9E69DA00BD6F87 /* CDLParserUITests.xctest */,
			);
			name = Products;
			sourceTree = "<group>";
		};
		4CEAA05C1F9E69D900BD6F87 /* CDLParser */ = {
			isa = PBXGroup;
			children = (
				4CEAA05D1F9E69D900BD6F87 /* AppDelegate.swift */,
				4CEAA05F1F9E69D900BD6F87 /* ViewController.swift */,
				4CEAA0611F9E69D900BD6F87 /* Assets.xcassets */,
				4CEAA0631F9E69D900BD6F87 /* Main.storyboard */,
				4CEAA0661F9E69D900BD6F87 /* Info.plist */,
				4CEAA0671F9E69D900BD6F87 /* CDLParser.entitlements */,
			);
			path = CDLParser;
			sourceTree = "<group>";
		};
		4CEAA06F1F9E69DA00BD6F87 /* CDLParserTests */ = {
			isa = PBXGroup;
			children = (
				4CEAA0701F9E69DA00BD6F87 /* CDLParserTests.swift */,
				4CEAA0721F9E69DA00BD6F87 /* Info.plist */,
			);
			path = CDLParserTests;
			sourceTree = "<group>";
		};
		4CEAA07A1F9E69DA00BD6F87 /* CDLParserUITests */ = {
			isa = PBXGroup;
			children = (
				4CEAA07B1F9E69DA00BD6F87 /* CDLParserUITests.swift */,
				4CEAA07D1F9E69DA00BD6F87 /* Info.plist */,
			);
			path = CDLParserUITests;
			sourceTree = "<group>";
		};
/* End PBXGroup section */

/* Begin PBXNativeTarget section */
		4CEAA0591F9E69D900BD6F87 /* CDLParser */ = {
			isa = PBXNativeTarget;
			buildConfigurationList = 4CEAA0801F9E69DA00BD6F87 /* Build configuration list for PBXNativeTarget "CDLParser" */;
			buildPhases = (
				4CEAA0561F9E69D900BD6F87 /* Sources */,
				4CEAA0571F9E69D900BD6F87 /* Frameworks */,
				4CEAA0581F9E69D900BD6F87 /* Resources */,
			);
			buildRules = (
			);
			dependencies = (
			);
			name = CDLParser;
			productName = CDLParser;
			productReference = 4CEAA05A1F9E69D900BD6F87 /* CDLParser.app */;
			productType = "com.apple.product-type.application";
		};
		4CEAA06B1F9E69D900BD6F87 /* CDLParserTests */ = {
			isa = PBXNativeTarget;
			buildConfigurationList = 4CEAA0831F9E69DA00BD6F87 /* Build configuration list for PBXNativeTarget "CDLParserTests" */;
			buildPhases = (
				4CEAA0681F9E69D900BD6F87 /* Sources */,
				4CEAA0691F9E69D900BD6F87 /* Frameworks */,
				4CEAA06A1F9E69D900BD6F87 /* Resources */,
			);
			buildRules = (
			);
			dependencies = (
				4CEAA06E1F9E69DA00BD6F87 /* PBXTargetDependency */,
			);
			name = CDLParserTests;
			productName = CDLParserTests;
			productReference = 4CEAA06C1F9E69D900BD6F87 /* CDLParserTests.xctest */;
			productType = "com.apple.product-type.bundle.unit-test";
		};
		4CEAA0761F9E69DA00BD6F87 /* CDLParserUITests */ = {
			isa = PBXNativeTarget;
			buildConfigurationList = 4CEAA0861F9E69DA00BD6F87 /* Build configuration list for PBXNativeTarget "CDLParserUITests" */;
			buildPhases = (
				4CEAA0731F9E69DA00BD6F87 /* Sources */,
				4CEAA0741F9E69DA00BD6F87 /* Frameworks */,
				4CEAA0751F9E69DA00BD6F87 /* Resources */,
			);
			buildRules = (
			);
			dependencies = (
				4CEAA0791F9E69DA00BD6F87 /* PBXTargetDependency */,
			);
			name = CDLParserUITests;
			productName = CDLParserUITests;
			productReference = 4CEAA0771F9E69DA00BD6F87 /* CDLParserUITests.xctest */;
			productType = "com.apple.product-type.bundle.ui-testing";
		};
/* End PBXNativeTarget section */

/* Begin PBXProject section */
		4CEAA0521F9E69D900BD6F87 /* Project object */ = {
			isa = PBXProject;
			attributes = {
				LastSwiftUpdateCheck = 0900;
				LastUpgradeCheck = 0900;
				ORGANIZATIONNAME = "Cameron Kerr";
				TargetAttributes = {
					4CEAA0591F9E69D900BD6F87 = {
						CreatedOnToolsVersion = 9.0.1;
						ProvisioningStyle = Automatic;
					};
					4CEAA06B1F9E69D900BD6F87 = {
						CreatedOnToolsVersion = 9.0.1;
						ProvisioningStyle = Automatic;
						TestTargetID = 4CEAA0591F9E69D900BD6F87;
					};
					4CEAA0761F9E69DA00BD6F87 = {
						CreatedOnToolsVersion = 9.0.1;
						ProvisioningStyle = Automatic;
						TestTargetID = 4CEAA0591F9E69D900BD6F87;
					};
				};
			};
			buildConfigurationList = 4CEAA0551F9E69D900BD6F87 /* Build configuration list for PBXProject "CDLParser" */;
			compatibilityVersion = "Xcode 8.0";
			developmentRegion = en;
			hasScannedForEncodings = 0;
			knownRegions = (
				en,
				Base,
			);
			mainGroup = 4CEAA0511F9E69D900BD6F87;
			productRefGroup = 4CEAA05B1F9E69D900BD6F87 /* Products */;
			projectDirPath = "";
			projectRoot = "";
			targets = (
				4CEAA0591F9E69D900BD6F87 /* CDLParser */,
				4CEAA06B1F9E69D900BD6F87 /* CDLParserTests */,
				4CEAA0761F9E69DA00BD6F87 /* CDLParserUITests */,
			);
		};
/* End PBXProject section */

/* Begin PBXResourcesBuildPhase section */
		4CEAA0581F9E69D900BD6F87 /* Resources */ = {
			isa = PBXResourcesBuildPhase;
			buildActionMask = 2147483647;
			files = (
				4CEAA0621F9E69D900BD6F87 /* Assets.xcassets in Resources */,
				4CEAA0651F9E69D900BD6F87 /* Main.storyboard in Resources */,
			);
			runOnlyForDeploymentPostprocessing = 0;
		};
		4CEAA06A1F9E69D900BD6F87 /* Resources */ = {
			isa = PBXResourcesBuildPhase;
			buildActionMask = 2147483647;
			files = (
			);
			runOnlyForDeploymentPostprocessing = 0;
		};
		4CEAA0751F9E69DA00BD6F87 /* Resources */ = {
			isa = PBXResourcesBuildPhase;
			buildActionMask = 2147483647;
			files = (
			);
			runOnlyForDeploymentPostprocessing = 0;
		};
/* End PBXResourcesBuildPhase section */

/* Begin PBXSourcesBuildPhase section */
		4CEAA0561F9E69D900BD6F87 /* Sources */ = {
			isa = PBXSourcesBuildPhase;
			buildActionMask = 2147483647;
			files = (
				4CEAA0601F9E69D900BD6F87 /* ViewController.swift in Sources */,
				4CEAA05E1F9E69D900BD6F87 /* AppDelegate.swift in Sources */,
			);
			runOnlyForDeploymentPostprocessing = 0;
		};
		4CEAA0681F9E69D900BD6F87 /* Sources */ = {
			isa = PBXSourcesBuildPhase;
			buildActionMask = 2147483647;
			files = (
				4CEAA0711F9E69DA00BD6F87 /* CDLParserTests.swift in Sources */,
			);
			runOnlyForDeploymentPostprocessing = 0;
		};
		4CEAA0731F9E69DA00BD6F87 /* Sources */ = {
			isa = PBXSourcesBuildPhase;
			buildActionMask = 2147483647;
			files = (
				4CEAA07C1F9E69DA00BD6F87 /* CDLParserUITests.swift in Sources */,
			);
			runOnlyForDeploymentPostprocessing = 0;
		};
/* End PBXSourcesBuildPhase section */

/* Begin PBXTargetDependency section */
		4CEAA06E1F9E69DA00BD6F87 /* PBXTargetDependency */ = {
			isa = PBXTargetDependency;
			target = 4CEAA0591F9E69D900BD6F87 /* CDLParser */;
			targetProxy = 4CEAA06D1F9E69DA00BD6F87 /* PBXContainerItemProxy */;
		};
		4CEAA0791F9E69DA00BD6F87 /* PBXTargetDependency */ = {
			isa = PBXTargetDependency;
			target = 4CEAA0591F9E69D900BD6F87 /* CDLParser */;
			targetProxy = 4CEAA0781F9E69DA00BD6F87 /* PBXContainerItemProxy */;
		};
/* End PBXTargetDependency section */

/* Begin PBXVariantGroup section */
		4CEAA0631F9E69D900BD6F87 /* Main.storyboard */ = {
			isa = PBXVariantGroup;
			children = (
				4CEAA0641F9E69D900BD6F87 /* Base */,
			);
			name = Main.storyboard;
			sourceTree = "<group>";
		};
/* End PBXVariantGroup section */

/* Begin XCBuildConfiguration section */
		4CEAA07E1F9E69DA00BD6F87 /* Debug */ = {
			isa = XCBuildConfiguration;
			buildSettings = {
				ALWAYS_SEARCH_USER_PATHS = NO;
				CLANG_ANALYZER_NONNULL = YES;
				CLANG_ANALYZER_NUMBER_OBJECT_CONVERSION = YES_AGGRESSIVE;
				CLANG_CXX_LANGUAGE_STANDARD = "gnu++14";
				CLANG_CXX_LIBRARY = "libc++";
				CLANG_ENABLE_MODULES = YES;
				CLANG_ENABLE_OBJC_ARC = YES;
				CLANG_WARN_BLOCK_CAPTURE_AUTORELEASING = YES;
				CLANG_WARN_BOOL_CONVERSION = YES;
				CLANG_WARN_COMMA = YES;
				CLANG_WARN_CONSTANT_CONVERSION = YES;
				CLANG_WARN_DIRECT_OBJC_ISA_USAGE = YES_ERROR;
				CLANG_WARN_DOCUMENTATION_COMMENTS = YES;
				CLANG_WARN_EMPTY_BODY = YES;
				CLANG_WARN_ENUM_CONVERSION = YES;
				CLANG_WARN_INFINITE_RECURSION = YES;
				CLANG_WARN_INT_CONVERSION = YES;
				CLANG_WARN_NON_LITERAL_NULL_CONVERSION = YES;
				CLANG_WARN_OBJC_LITERAL_CONVERSION = YES;
				CLANG_WARN_OBJC_ROOT_CLASS = YES_ERROR;
				CLANG_WARN_RANGE_LOOP_ANALYSIS = YES;
				CLANG_WARN_STRICT_PROTOTYPES = YES;
				CLANG_WARN_SUSPICIOUS_MOVE = YES;
				CLANG_WARN_UNGUARDED_AVAILABILITY = YES_AGGRESSIVE;
				CLANG_WARN_UNREACHABLE_CODE = YES;
				CLANG_WARN__DUPLICATE_METHOD_MATCH = YES;
				CODE_SIGN_IDENTITY = "-";
				COPY_PHASE_STRIP = NO;
				DEBUG_INFORMATION_FORMAT = dwarf;
				ENABLE_STRICT_OBJC_MSGSEND = YES;
				ENABLE_TESTABILITY = YES;
				GCC_C_LANGUAGE_STANDARD = gnu11;
				GCC_DYNAMIC_NO_PIC = NO;
				GCC_NO_COMMON_BLOCKS = YES;
				GCC_OPTIMIZATION_LEVEL = 0;
				GCC_PREPROCESSOR_DEFINITIONS = (
					"DEBUG=1",
					"$(inherited)",
				);
				GCC_WARN_64_TO_32_BIT_CONVERSION = YES;
				GCC_WARN_ABOUT_RETURN_TYPE = YES_ERROR;
				GCC_WARN_UNDECLARED_SELECTOR = YES;
				GCC_WARN_UNINITIALIZED_AUTOS = YES_AGGRESSIVE;
				GCC_WARN_UNUSED_FUNCTION = YES;
				GCC_WARN_UNUSED_VARIABLE = YES;
				MACOSX_DEPLOYMENT_TARGET = 10.12;
				MTL_ENABLE_DEBUG_INFO = YES;
				ONLY_ACTIVE_ARCH = YES;
				SDKROOT = macosx;
				SWIFT_ACTIVE_COMPILATION_CONDITIONS = DEBUG;
				SWIFT_OPTIMIZATION_LEVEL = "-Onone";
			};
			name = Debug;
		};
		4CEAA07F1F9E69DA00BD6F87 /* Release */ = {
			isa = XCBuildConfiguration;
			buildSettings = {
				ALWAYS_SEARCH_USER_PATHS = NO;
				CLANG_ANALYZER_NONNULL = YES;
				CLANG_ANALYZER_NUMBER_OBJECT_CONVERSION = YES_AGGRESSIVE;
				CLANG_CXX_LANGUAGE_STANDARD = "gnu++14";
				CLANG_CXX_LIBRARY = "libc++";
				CLANG_ENABLE_MODULES = YES;
				CLANG_ENABLE_OBJC_ARC = YES;
				CLANG_WARN_BLOCK_CAPTURE_AUTORELEASING = YES;
				CLANG_WARN_BOOL_CONVERSION = YES;
				CLANG_WARN_COMMA = YES;
				CLANG_WARN_CONSTANT_CONVERSION = YES;
				CLANG_WARN_DIRECT_OBJC_ISA_USAGE = YES_ERROR;
				CLANG_WARN_DOCUMENTATION_COMMENTS = YES;
				CLANG_WARN_EMPTY_BODY = YES;
				CLANG_WARN_ENUM_CONVERSION = YES;
				CLANG_WARN_INFINITE_RECURSION = YES;
				CLANG_WARN_INT_CONVERSION = YES;
				CLANG_WARN_NON_LITERAL_NULL_CONVERSION = YES;
				CLANG_WARN_OBJC_LITERAL_CONVERSION = YES;
				CLANG_WARN_OBJC_ROOT_CLASS = YES_ERROR;
				CLANG_WARN_RANGE_LOOP_ANALYSIS = YES;
				CLANG_WARN_STRICT_PROTOTYPES = YES;
				CLANG_WARN_SUSPICIOUS_MOVE = YES;
				CLANG_WARN_UNGUARDED_AVAILABILITY = YES_AGGRESSIVE;
				CLANG_WARN_UNREACHABLE_CODE = YES;
				CLANG_WARN__DUPLICATE_METHOD_MATCH = YES;
				CODE_SIGN_IDENTITY = "-";
				COPY_PHASE_STRIP = NO;
				DEBUG_INFORMATION_FORMAT = "dwarf-with-dsym";
				ENABLE_NS_ASSERTIONS = NO;
				ENABLE_STRICT_OBJC_MSGSEND = YES;
				GCC_C_LANGUAGE_STANDARD = gnu11;
				GCC_NO_COMMON_BLOCKS = YES;
				GCC_WARN_64_TO_32_BIT_CONVERSION = YES;
				GCC_WARN_ABOUT_RETURN_TYPE = YES_ERROR;
				GCC_WARN_UNDECLARED_SELECTOR = YES;
				GCC_WARN_UNINITIALIZED_AUTOS = YES_AGGRESSIVE;
				GCC_WARN_UNUSED_FUNCTION = YES;
				GCC_WARN_UNUSED_VARIABLE = YES;
				MACOSX_DEPLOYMENT_TARGET = 10.12;
				MTL_ENABLE_DEBUG_INFO = NO;
				SDKROOT = macosx;
				SWIFT_OPTIMIZATION_LEVEL = "-Owholemodule";
			};
			name = Release;
		};
		4CEAA0811F9E69DA00BD6F87 /* Debug */ = {
			isa = XCBuildConfiguration;
			buildSettings = {
				ASSETCATALOG_COMPILER_APPICON_NAME = AppIcon;
				CODE_SIGN_ENTITLEMENTS = CDLParser/CDLParser.entitlements;
				CODE_SIGN_STYLE = Automatic;
				COMBINE_HIDPI_IMAGES = YES;
				INFOPLIST_FILE = CDLParser/Info.plist;
				LD_RUNPATH_SEARCH_PATHS = "$(inherited) @executable_path/../Frameworks";
				PRODUCT_BUNDLE_IDENTIFIER = com.camkerr.CDLParser;
				PRODUCT_NAME = "$(TARGET_NAME)";
				SWIFT_VERSION = 4.0;
			};
			name = Debug;
		};
		4CEAA0821F9E69DA00BD6F87 /* Release */ = {
			isa = XCBuildConfiguration;
			buildSettings = {
				ASSETCATALOG_COMPILER_APPICON_NAME = AppIcon;
				CODE_SIGN_ENTITLEMENTS = CDLParser/CDLParser.entitlements;
				CODE_SIGN_STYLE = Automatic;
				COMBINE_HIDPI_IMAGES = YES;
				INFOPLIST_FILE = CDLParser/Info.plist;
				LD_RUNPATH_SEARCH_PATHS = "$(inherited) @executable_path/../Frameworks";
				PRODUCT_BUNDLE_IDENTIFIER = com.camkerr.CDLParser;
				PRODUCT_NAME = "$(TARGET_NAME)";
				SWIFT_VERSION = 4.0;
			};
			name = Release;
		};
		4CEAA0841F9E69DA00BD6F87 /* Debug */ = {
			isa = XCBuildConfiguration;
			buildSettings = {
				ALWAYS_EMBED_SWIFT_STANDARD_LIBRARIES = YES;
				BUNDLE_LOADER = "$(TEST_HOST)";
				CODE_SIGN_STYLE = Automatic;
				COMBINE_HIDPI_IMAGES = YES;
				INFOPLIST_FILE = CDLParserTests/Info.plist;
				LD_RUNPATH_SEARCH_PATHS = "$(inherited) @executable_path/../Frameworks @loader_path/../Frameworks";
				PRODUCT_BUNDLE_IDENTIFIER = com.camkerr.CDLParserTests;
				PRODUCT_NAME = "$(TARGET_NAME)";
				SWIFT_VERSION = 4.0;
				TEST_HOST = "$(BUILT_PRODUCTS_DIR)/CDLParser.app/Contents/MacOS/CDLParser";
			};
			name = Debug;
		};
		4CEAA0851F9E69DA00BD6F87 /* Release */ = {
			isa = XCBuildConfiguration;
			buildSettings = {
				ALWAYS_EMBED_SWIFT_STANDARD_LIBRARIES = YES;
				BUNDLE_LOADER = "$(TEST_HOST)";
				CODE_SIGN_STYLE = Automatic;
				COMBINE_HIDPI_IMAGES = YES;
				INFOPLIST_FILE = CDLParserTests/Info.plist;
				LD_RUNPATH_SEARCH_PATHS = "$(inherited) @executable_path/../Frameworks @loader_path/../Frameworks";
				PRODUCT_BUNDLE_IDENTIFIER = com.camkerr.CDLParserTests;
				PRODUCT_NAME = "$(TARGET_NAME)";
				SWIFT_VERSION = 4.0;
				TEST_HOST = "$(BUILT_PRODUCTS_DIR)/CDLParser.app/Contents/MacOS/CDLParser";
			};
			name = Release;
		};
		4CEAA0871F9E69DA00BD6F87 /* Debug */ = {
			isa = XCBuildConfiguration;
			buildSettings = {
				ALWAYS_EMBED_SWIFT_STANDARD_LIBRARIES = YES;
				CODE_SIGN_STYLE = Automatic;
				COMBINE_HIDPI_IMAGES = YES;
				INFOPLIST_FILE = CDLParserUITests/Info.plist;
				LD_RUNPATH_SEARCH_PATHS = "$(inherited) @executable_path/../Frameworks @loader_path/../Frameworks";
				PRODUCT_BUNDLE_IDENTIFIER = com.camkerr.CDLParserUITests;
				PRODUCT_NAME = "$(TARGET_NAME)";
				SWIFT_VERSION = 4.0;
				TEST_TARGET_NAME = CDLParser;
			};
			name = Debug;
		};
		4CEAA0881F9E69DA00BD6F87 /* Release */ = {
			isa = XCBuildConfiguration;
			buildSettings = {
				ALWAYS_EMBED_SWIFT_STANDARD_LIBRARIES = YES;
				CODE_SIGN_STYLE = Automatic;
				COMBINE_HIDPI_IMAGES = YES;
				INFOPLIST_FILE = CDLParserUITests/Info.plist;
				LD_RUNPATH_SEARCH_PATHS = "$(inherited) @executable_path/../Frameworks @loader_path/../Frameworks";
				PRODUCT_BUNDLE_IDENTIFIER = com.camkerr.CDLParserUITests;
				PRODUCT_NAME = "$(TARGET_NAME)";
				SWIFT_VERSION = 4.0;
				TEST_TARGET_NAME = CDLParser;
			};
			name = Release;
		};
/* End XCBuildConfiguration section */

/* Begin XCConfigurationList section */
		4CEAA0551F9E69D900BD6F87 /* Build configuration list for PBXProject "CDLParser" */ = {
			isa = XCConfigurationList;
			buildConfigurations = (
				4CEAA07E1F9E69DA00BD6F87 /* Debug */,
				4CEAA07F1F9E69DA00BD6F87 /* Release */,
			);
			defaultConfigurationIsVisible = 0;
			defaultConfigurationName = Release;
		};
		4CEAA0801F9E69DA00BD6F87 /* Build configuration list for PBXNativeTarget "CDLParser" */ = {
			isa = XCConfigurationList;
			buildConfigurations = (
				4CEAA0811F9E69DA00BD6F87 /* Debug */,
				4CEAA0821F9E69DA00BD6F87 /* Release */,
			);
			defaultConfigurationIsVisible = 0;
			defaultConfigurationName = Release;
		};
		4CEAA0831F9E69DA00BD6F87 /* Build configuration list for PBXNativeTarget "CDLParserTests" */ = {
			isa = XCConfigurationList;
			buildConfigurations = (
				4CEAA0841F9E69DA00BD6F87 /* Debug */,
				4CEAA0851F9E69DA00BD6F87 /* Release */,
			);
			defaultConfigurationIsVisible = 0;
			defaultConfigurationName = Release;
		};
		4CEAA0861F9E69DA00BD6F87 /* Build configuration list for PBXNativeTarget "CDLParserUITests" */ = {
			isa = XCConfigurationList;
			buildConfigurations = (
				4CEAA0871F9E69DA00BD6F87 /* Debug */,
				4CEAA0881F9E69DA00BD6F87 /* Release */,
			);
			defaultConfigurationIsVisible = 0;
			defaultConfigurationName = Release;
		};
/* End XCConfigurationList section */
	};
	rootObject = 4CEAA0521F9E69D900BD6F87 /* Project object */;
}
